// !$*UTF8*$!
{
	archiveVersion = 1;
	classes = {
	};
	objectVersion = 56;
	objects = {

/* Begin PBXBuildFile section */
		A92CE9DB29C0C1320091B6E3 /* GPTMessageRow.swift in Sources */ = {isa = PBXBuildFile; fileRef = A92CE9DA29C0C1320091B6E3 /* GPTMessageRow.swift */; };
		A95251BD299E5B8400DA07EC /* ChatGPTExampleApp.swift in Sources */ = {isa = PBXBuildFile; fileRef = A95251BC299E5B8400DA07EC /* ChatGPTExampleApp.swift */; };
		A95251BF299E5B8400DA07EC /* ChatView.swift in Sources */ = {isa = PBXBuildFile; fileRef = A95251BE299E5B8400DA07EC /* ChatView.swift */; };
		A95251C1299E5B8500DA07EC /* Assets.xcassets in Resources */ = {isa = PBXBuildFile; fileRef = A95251C0299E5B8500DA07EC /* Assets.xcassets */; };
		A95251C4299E5B8500DA07EC /* Preview Assets.xcassets in Resources */ = {isa = PBXBuildFile; fileRef = A95251C3299E5B8500DA07EC /* Preview Assets.xcassets */; };
		A988391029AA188F00507EFB /* ChatUI in Frameworks */ = {isa = PBXBuildFile; productRef = A988390F29AA188F00507EFB /* ChatUI */; };
		A9FF316A29A3CDE7008328B9 /* ChatGPT.swift in Sources */ = {isa = PBXBuildFile; fileRef = A9FF316929A3CDE7008328B9 /* ChatGPT.swift */; };
		A9FF316F29A3D1E4008328B9 /* User.swift in Sources */ = {isa = PBXBuildFile; fileRef = A9FF316E29A3D1E4008328B9 /* User.swift */; };
		A9FF317129A3D1FC008328B9 /* Message.swift in Sources */ = {isa = PBXBuildFile; fileRef = A9FF317029A3D1FC008328B9 /* Message.swift */; };
/* End PBXBuildFile section */

/* Begin PBXFileReference section */
		A92CE9DA29C0C1320091B6E3 /* GPTMessageRow.swift */ = {isa = PBXFileReference; lastKnownFileType = sourcecode.swift; path = GPTMessageRow.swift; sourceTree = "<group>"; };
		A95251B9299E5B8400DA07EC /* ChatGPTExample.app */ = {isa = PBXFileReference; explicitFileType = wrapper.application; includeInIndex = 0; path = ChatGPTExample.app; sourceTree = BUILT_PRODUCTS_DIR; };
		A95251BC299E5B8400DA07EC /* ChatGPTExampleApp.swift */ = {isa = PBXFileReference; lastKnownFileType = sourcecode.swift; path = ChatGPTExampleApp.swift; sourceTree = "<group>"; };
		A95251BE299E5B8400DA07EC /* ChatView.swift */ = {isa = PBXFileReference; lastKnownFileType = sourcecode.swift; path = ChatView.swift; sourceTree = "<group>"; };
		A95251C0299E5B8500DA07EC /* Assets.xcassets */ = {isa = PBXFileReference; lastKnownFileType = folder.assetcatalog; path = Assets.xcassets; sourceTree = "<group>"; };
		A95251C3299E5B8500DA07EC /* Preview Assets.xcassets */ = {isa = PBXFileReference; lastKnownFileType = folder.assetcatalog; path = "Preview Assets.xcassets"; sourceTree = "<group>"; };
		A9FF316929A3CDE7008328B9 /* ChatGPT.swift */ = {isa = PBXFileReference; lastKnownFileType = sourcecode.swift; path = ChatGPT.swift; sourceTree = "<group>"; };
		A9FF316E29A3D1E4008328B9 /* User.swift */ = {isa = PBXFileReference; lastKnownFileType = sourcecode.swift; path = User.swift; sourceTree = "<group>"; };
		A9FF317029A3D1FC008328B9 /* Message.swift */ = {isa = PBXFileReference; lastKnownFileType = sourcecode.swift; path = Message.swift; sourceTree = "<group>"; };
/* End PBXFileReference section */

/* Begin PBXFrameworksBuildPhase section */
		A95251B6299E5B8400DA07EC /* Frameworks */ = {
			isa = PBXFrameworksBuildPhase;
			buildActionMask = 2147483647;
			files = (
				A988391029AA188F00507EFB /* ChatUI in Frameworks */,
			);
			runOnlyForDeploymentPostprocessing = 0;
		};
/* End PBXFrameworksBuildPhase section */

/* Begin PBXGroup section */
		A95251B0299E5B8400DA07EC = {
			isa = PBXGroup;
			children = (
				A95251BB299E5B8400DA07EC /* ChatGPTExample */,
				A95251BA299E5B8400DA07EC /* Products */,
				A95251CC299E5BB500DA07EC /* Frameworks */,
			);
			sourceTree = "<group>";
		};
		A95251BA299E5B8400DA07EC /* Products */ = {
			isa = PBXGroup;
			children = (
				A95251B9299E5B8400DA07EC /* ChatGPTExample.app */,
			);
			name = Products;
			sourceTree = "<group>";
		};
		A95251BB299E5B8400DA07EC /* ChatGPTExample */ = {
			isa = PBXGroup;
			children = (
				A95251BC299E5B8400DA07EC /* ChatGPTExampleApp.swift */,
				A9FF317329A3DA5A008328B9 /* View */,
				A9FF317229A3DA55008328B9 /* DataModel */,
				A95251C0299E5B8500DA07EC /* Assets.xcassets */,
				A95251C2299E5B8500DA07EC /* Preview Content */,
			);
			path = ChatGPTExample;
			sourceTree = "<group>";
		};
		A95251C2299E5B8500DA07EC /* Preview Content */ = {
			isa = PBXGroup;
			children = (
				A95251C3299E5B8500DA07EC /* Preview Assets.xcassets */,
			);
			path = "Preview Content";
			sourceTree = "<group>";
		};
		A95251CC299E5BB500DA07EC /* Frameworks */ = {
			isa = PBXGroup;
			children = (
			);
			name = Frameworks;
			sourceTree = "<group>";
		};
		A9FF317229A3DA55008328B9 /* DataModel */ = {
			isa = PBXGroup;
			children = (
				A9FF316929A3CDE7008328B9 /* ChatGPT.swift */,
				A9FF317029A3D1FC008328B9 /* Message.swift */,
				A9FF316E29A3D1E4008328B9 /* User.swift */,
			);
			path = DataModel;
			sourceTree = "<group>";
		};
		A9FF317329A3DA5A008328B9 /* View */ = {
			isa = PBXGroup;
			children = (
				A95251BE299E5B8400DA07EC /* ChatView.swift */,
				A92CE9DA29C0C1320091B6E3 /* GPTMessageRow.swift */,
			);
			path = View;
			sourceTree = "<group>";
		};
/* End PBXGroup section */

/* Begin PBXNativeTarget section */
		A95251B8299E5B8400DA07EC /* ChatGPTExample */ = {
			isa = PBXNativeTarget;
			buildConfigurationList = A95251C7299E5B8500DA07EC /* Build configuration list for PBXNativeTarget "ChatGPTExample" */;
			buildPhases = (
				A95251B5299E5B8400DA07EC /* Sources */,
				A95251B6299E5B8400DA07EC /* Frameworks */,
				A95251B7299E5B8400DA07EC /* Resources */,
			);
			buildRules = (
			);
			dependencies = (
			);
			name = ChatGPTExample;
			packageProductDependencies = (
				A988390F29AA188F00507EFB /* ChatUI */,
			);
			productName = ChatGPTExample;
			productReference = A95251B9299E5B8400DA07EC /* ChatGPTExample.app */;
			productType = "com.apple.product-type.application";
		};
/* End PBXNativeTarget section */

/* Begin PBXProject section */
		A95251B1299E5B8400DA07EC /* Project object */ = {
			isa = PBXProject;
			attributes = {
				BuildIndependentTargetsInParallel = 1;
				LastSwiftUpdateCheck = 1400;
				LastUpgradeCheck = 1400;
				TargetAttributes = {
					A95251B8299E5B8400DA07EC = {
						CreatedOnToolsVersion = 14.0.1;
					};
				};
			};
			buildConfigurationList = A95251B4299E5B8400DA07EC /* Build configuration list for PBXProject "ChatGPTExample" */;
			compatibilityVersion = "Xcode 14.0";
			developmentRegion = en;
			hasScannedForEncodings = 0;
			knownRegions = (
				en,
				Base,
			);
			mainGroup = A95251B0299E5B8400DA07EC;
			packageReferences = (
				A988390E29AA188F00507EFB /* XCRemoteSwiftPackageReference "ChatUI" */,
			);
			productRefGroup = A95251BA299E5B8400DA07EC /* Products */;
			projectDirPath = "";
			projectRoot = "";
			targets = (
				A95251B8299E5B8400DA07EC /* ChatGPTExample */,
			);
		};
/* End PBXProject section */

/* Begin PBXResourcesBuildPhase section */
		A95251B7299E5B8400DA07EC /* Resources */ = {
			isa = PBXResourcesBuildPhase;
			buildActionMask = 2147483647;
			files = (
				A95251C4299E5B8500DA07EC /* Preview Assets.xcassets in Resources */,
				A95251C1299E5B8500DA07EC /* Assets.xcassets in Resources */,
			);
			runOnlyForDeploymentPostprocessing = 0;
		};
/* End PBXResourcesBuildPhase section */

/* Begin PBXSourcesBuildPhase section */
		A95251B5299E5B8400DA07EC /* Sources */ = {
			isa = PBXSourcesBuildPhase;
			buildActionMask = 2147483647;
			files = (
				A92CE9DB29C0C1320091B6E3 /* GPTMessageRow.swift in Sources */,
				A9FF316F29A3D1E4008328B9 /* User.swift in Sources */,
				A95251BF299E5B8400DA07EC /* ChatView.swift in Sources */,
				A9FF317129A3D1FC008328B9 /* Message.swift in Sources */,
				A95251BD299E5B8400DA07EC /* ChatGPTExampleApp.swift in Sources */,
				A9FF316A29A3CDE7008328B9 /* ChatGPT.swift in Sources */,
			);
			runOnlyForDeploymentPostprocessing = 0;
		};
/* End PBXSourcesBuildPhase section */

/* Begin XCBuildConfiguration section */
		A95251C5299E5B8500DA07EC /* Debug */ = {
			isa = XCBuildConfiguration;
			buildSettings = {
				ALWAYS_SEARCH_USER_PATHS = NO;
				CLANG_ANALYZER_NONNULL = YES;
				CLANG_ANALYZER_NUMBER_OBJECT_CONVERSION = YES_AGGRESSIVE;
				CLANG_CXX_LANGUAGE_STANDARD = "gnu++20";
				CLANG_ENABLE_MODULES = YES;
				CLANG_ENABLE_OBJC_ARC = YES;
				CLANG_ENABLE_OBJC_WEAK = YES;
				CLANG_WARN_BLOCK_CAPTURE_AUTORELEASING = YES;
				CLANG_WARN_BOOL_CONVERSION = YES;
				CLANG_WARN_COMMA = YES;
				CLANG_WARN_CONSTANT_CONVERSION = YES;
				CLANG_WARN_DEPRECATED_OBJC_IMPLEMENTATIONS = YES;
				CLANG_WARN_DIRECT_OBJC_ISA_USAGE = YES_ERROR;
				CLANG_WARN_DOCUMENTATION_COMMENTS = YES;
				CLANG_WARN_EMPTY_BODY = YES;
				CLANG_WARN_ENUM_CONVERSION = YES;
				CLANG_WARN_INFINITE_RECURSION = YES;
				CLANG_WARN_INT_CONVERSION = YES;
				CLANG_WARN_NON_LITERAL_NULL_CONVERSION = YES;
				CLANG_WARN_OBJC_IMPLICIT_RETAIN_SELF = YES;
				CLANG_WARN_OBJC_LITERAL_CONVERSION = YES;
				CLANG_WARN_OBJC_ROOT_CLASS = YES_ERROR;
				CLANG_WARN_QUOTED_INCLUDE_IN_FRAMEWORK_HEADER = YES;
				CLANG_WARN_RANGE_LOOP_ANALYSIS = YES;
				CLANG_WARN_STRICT_PROTOTYPES = YES;
				CLANG_WARN_SUSPICIOUS_MOVE = YES;
				CLANG_WARN_UNGUARDED_AVAILABILITY = YES_AGGRESSIVE;
				CLANG_WARN_UNREACHABLE_CODE = YES;
				CLANG_WARN__DUPLICATE_METHOD_MATCH = YES;
				COPY_PHASE_STRIP = NO;
				DEBUG_INFORMATION_FORMAT = dwarf;
				ENABLE_STRICT_OBJC_MSGSEND = YES;
				ENABLE_TESTABILITY = YES;
				GCC_C_LANGUAGE_STANDARD = gnu11;
				GCC_DYNAMIC_NO_PIC = NO;
				GCC_NO_COMMON_BLOCKS = YES;
				GCC_OPTIMIZATION_LEVEL = 0;
				GCC_PREPROCESSOR_DEFINITIONS = (
					"DEBUG=1",
					"$(inherited)",
				);
				GCC_WARN_64_TO_32_BIT_CONVERSION = YES;
				GCC_WARN_ABOUT_RETURN_TYPE = YES_ERROR;
				GCC_WARN_UNDECLARED_SELECTOR = YES;
				GCC_WARN_UNINITIALIZED_AUTOS = YES_AGGRESSIVE;
				GCC_WARN_UNUSED_FUNCTION = YES;
				GCC_WARN_UNUSED_VARIABLE = YES;
				IPHONEOS_DEPLOYMENT_TARGET = 16.0;
				MTL_ENABLE_DEBUG_INFO = INCLUDE_SOURCE;
				MTL_FAST_MATH = YES;
				ONLY_ACTIVE_ARCH = YES;
				SDKROOT = iphoneos;
				SWIFT_ACTIVE_COMPILATION_CONDITIONS = DEBUG;
				SWIFT_OPTIMIZATION_LEVEL = "-Onone";
			};
			name = Debug;
		};
		A95251C6299E5B8500DA07EC /* Release */ = {
			isa = XCBuildConfiguration;
			buildSettings = {
				ALWAYS_SEARCH_USER_PATHS = NO;
				CLANG_ANALYZER_NONNULL = YES;
				CLANG_ANALYZER_NUMBER_OBJECT_CONVERSION = YES_AGGRESSIVE;
				CLANG_CXX_LANGUAGE_STANDARD = "gnu++20";
				CLANG_ENABLE_MODULES = YES;
				CLANG_ENABLE_OBJC_ARC = YES;
				CLANG_ENABLE_OBJC_WEAK = YES;
				CLANG_WARN_BLOCK_CAPTURE_AUTORELEASING = YES;
				CLANG_WARN_BOOL_CONVERSION = YES;
				CLANG_WARN_COMMA = YES;
				CLANG_WARN_CONSTANT_CONVERSION = YES;
				CLANG_WARN_DEPRECATED_OBJC_IMPLEMENTATIONS = YES;
				CLANG_WARN_DIRECT_OBJC_ISA_USAGE = YES_ERROR;
				CLANG_WARN_DOCUMENTATION_COMMENTS = YES;
				CLANG_WARN_EMPTY_BODY = YES;
				CLANG_WARN_ENUM_CONVERSION = YES;
				CLANG_WARN_INFINITE_RECURSION = YES;
				CLANG_WARN_INT_CONVERSION = YES;
				CLANG_WARN_NON_LITERAL_NULL_CONVERSION = YES;
				CLANG_WARN_OBJC_IMPLICIT_RETAIN_SELF = YES;
				CLANG_WARN_OBJC_LITERAL_CONVERSION = YES;
				CLANG_WARN_OBJC_ROOT_CLASS = YES_ERROR;
				CLANG_WARN_QUOTED_INCLUDE_IN_FRAMEWORK_HEADER = YES;
				CLANG_WARN_RANGE_LOOP_ANALYSIS = YES;
				CLANG_WARN_STRICT_PROTOTYPES = YES;
				CLANG_WARN_SUSPICIOUS_MOVE = YES;
				CLANG_WARN_UNGUARDED_AVAILABILITY = YES_AGGRESSIVE;
				CLANG_WARN_UNREACHABLE_CODE = YES;
				CLANG_WARN__DUPLICATE_METHOD_MATCH = YES;
				COPY_PHASE_STRIP = NO;
				DEBUG_INFORMATION_FORMAT = "dwarf-with-dsym";
				ENABLE_NS_ASSERTIONS = NO;
				ENABLE_STRICT_OBJC_MSGSEND = YES;
				GCC_C_LANGUAGE_STANDARD = gnu11;
				GCC_NO_COMMON_BLOCKS = YES;
				GCC_WARN_64_TO_32_BIT_CONVERSION = YES;
				GCC_WARN_ABOUT_RETURN_TYPE = YES_ERROR;
				GCC_WARN_UNDECLARED_SELECTOR = YES;
				GCC_WARN_UNINITIALIZED_AUTOS = YES_AGGRESSIVE;
				GCC_WARN_UNUSED_FUNCTION = YES;
				GCC_WARN_UNUSED_VARIABLE = YES;
				IPHONEOS_DEPLOYMENT_TARGET = 16.0;
				MTL_ENABLE_DEBUG_INFO = NO;
				MTL_FAST_MATH = YES;
				SDKROOT = iphoneos;
				SWIFT_COMPILATION_MODE = wholemodule;
				SWIFT_OPTIMIZATION_LEVEL = "-O";
				VALIDATE_PRODUCT = YES;
			};
			name = Release;
		};
		A95251C8299E5B8500DA07EC /* Debug */ = {
			isa = XCBuildConfiguration;
			buildSettings = {
				ASSETCATALOG_COMPILER_APPICON_NAME = AppIcon;
				ASSETCATALOG_COMPILER_GLOBAL_ACCENT_COLOR_NAME = AccentColor;
				CODE_SIGN_STYLE = Automatic;
				CURRENT_PROJECT_VERSION = 1;
				DEVELOPMENT_ASSET_PATHS = "\"ChatGPTExample/Preview Content\"";
				DEVELOPMENT_TEAM = 77CD4KLN3Y;
				ENABLE_PREVIEWS = YES;
				GENERATE_INFOPLIST_FILE = YES;
				INFOPLIST_KEY_CFBundleDisplayName = "ChatUI & ChatGPT";
				INFOPLIST_KEY_LSApplicationCategoryType = "public.app-category.developer-tools";
				INFOPLIST_KEY_UIApplicationSceneManifest_Generation = YES;
				INFOPLIST_KEY_UIApplicationSupportsIndirectInputEvents = YES;
				INFOPLIST_KEY_UILaunchScreen_Generation = YES;
				INFOPLIST_KEY_UISupportedInterfaceOrientations_iPad = "UIInterfaceOrientationPortrait UIInterfaceOrientationPortraitUpsideDown UIInterfaceOrientationLandscapeLeft UIInterfaceOrientationLandscapeRight";
				INFOPLIST_KEY_UISupportedInterfaceOrientations_iPhone = "UIInterfaceOrientationPortrait UIInterfaceOrientationLandscapeLeft UIInterfaceOrientationLandscapeRight";
				LD_RUNPATH_SEARCH_PATHS = (
					"$(inherited)",
					"@executable_path/Frameworks",
				);
				MARKETING_VERSION = 1.0;
				PRODUCT_BUNDLE_IDENTIFIER = com.chatui.examples.chatgpt;
				PRODUCT_NAME = "$(TARGET_NAME)";
				SWIFT_EMIT_LOC_STRINGS = YES;
				SWIFT_VERSION = 5.0;
				TARGETED_DEVICE_FAMILY = "1,2";
			};
			name = Debug;
		};
		A95251C9299E5B8500DA07EC /* Release */ = {
			isa = XCBuildConfiguration;
			buildSettings = {
				ASSETCATALOG_COMPILER_APPICON_NAME = AppIcon;
				ASSETCATALOG_COMPILER_GLOBAL_ACCENT_COLOR_NAME = AccentColor;
				CODE_SIGN_STYLE = Automatic;
				CURRENT_PROJECT_VERSION = 1;
				DEVELOPMENT_ASSET_PATHS = "\"ChatGPTExample/Preview Content\"";
				DEVELOPMENT_TEAM = 77CD4KLN3Y;
				ENABLE_PREVIEWS = YES;
				GENERATE_INFOPLIST_FILE = YES;
				INFOPLIST_KEY_CFBundleDisplayName = "ChatUI & ChatGPT";
				INFOPLIST_KEY_LSApplicationCategoryType = "public.app-category.developer-tools";
				INFOPLIST_KEY_UIApplicationSceneManifest_Generation = YES;
				INFOPLIST_KEY_UIApplicationSupportsIndirectInputEvents = YES;
				INFOPLIST_KEY_UILaunchScreen_Generation = YES;
				INFOPLIST_KEY_UISupportedInterfaceOrientations_iPad = "UIInterfaceOrientationPortrait UIInterfaceOrientationPortraitUpsideDown UIInterfaceOrientationLandscapeLeft UIInterfaceOrientationLandscapeRight";
				INFOPLIST_KEY_UISupportedInterfaceOrientations_iPhone = "UIInterfaceOrientationPortrait UIInterfaceOrientationLandscapeLeft UIInterfaceOrientationLandscapeRight";
				LD_RUNPATH_SEARCH_PATHS = (
					"$(inherited)",
					"@executable_path/Frameworks",
				);
				MARKETING_VERSION = 1.0;
				PRODUCT_BUNDLE_IDENTIFIER = com.chatui.examples.chatgpt;
				PRODUCT_NAME = "$(TARGET_NAME)";
				SWIFT_EMIT_LOC_STRINGS = YES;
				SWIFT_VERSION = 5.0;
				TARGETED_DEVICE_FAMILY = "1,2";
			};
			name = Release;
		};
/* End XCBuildConfiguration section */

/* Begin XCConfigurationList section */
		A95251B4299E5B8400DA07EC /* Build configuration list for PBXProject "ChatGPTExample" */ = {
			isa = XCConfigurationList;
			buildConfigurations = (
				A95251C5299E5B8500DA07EC /* Debug */,
				A95251C6299E5B8500DA07EC /* Release */,
			);
			defaultConfigurationIsVisible = 0;
			defaultConfigurationName = Release;
		};
		A95251C7299E5B8500DA07EC /* Build configuration list for PBXNativeTarget "ChatGPTExample" */ = {
			isa = XCConfigurationList;
			buildConfigurations = (
				A95251C8299E5B8500DA07EC /* Debug */,
				A95251C9299E5B8500DA07EC /* Release */,
			);
			defaultConfigurationIsVisible = 0;
			defaultConfigurationName = Release;
		};
/* End XCConfigurationList section */

/* Begin XCRemoteSwiftPackageReference section */
		A988390E29AA188F00507EFB /* XCRemoteSwiftPackageReference "ChatUI" */ = {
			isa = XCRemoteSwiftPackageReference;
			repositoryURL = "https://github.com/jaesung-0o0/ChatUI";
			requirement = {
				branch = main;
				kind = branch;
			};
		};
/* End XCRemoteSwiftPackageReference section */

/* Begin XCSwiftPackageProductDependency section */
		A988390F29AA188F00507EFB /* ChatUI */ = {
			isa = XCSwiftPackageProductDependency;
			package = A988390E29AA188F00507EFB /* XCRemoteSwiftPackageReference "ChatUI" */;
			productName = ChatUI;
		};
/* End XCSwiftPackageProductDependency section */
	};
	rootObject = A95251B1299E5B8400DA07EC /* Project object */;
}
